// !$*UTF8*$!
{
	archiveVersion = 1;
	classes = {
	};
	objectVersion = 77;
	objects = {

/* Begin PBXBuildFile section */
		8D8E1DB92DCB961000747837 /* Luminare in Frameworks */ = {isa = PBXBuildFile; productRef = 8D8E1DB82DCB961000747837 /* Luminare */; };
		8D8E1DBE2DCB9D6700747837 /* Defaults in Frameworks */ = {isa = PBXBuildFile; productRef = 8D8E1DBD2DCB9D6700747837 /* Defaults */; };
		8D8E1DC02DCB9D6700747837 /* DefaultsMacros in Frameworks */ = {isa = PBXBuildFile; productRef = 8D8E1DBF2DCB9D6700747837 /* DefaultsMacros */; };
/* End PBXBuildFile section */

/* Begin PBXContainerItemProxy section */
		8DE92B2D2DCAFE06002301A7 /* PBXContainerItemProxy */ = {
			isa = PBXContainerItemProxy;
			containerPortal = 8DE92B162DCAFE05002301A7 /* Project object */;
			proxyType = 1;
			remoteGlobalIDString = 8DE92B1D2DCAFE05002301A7;
			remoteInfo = GitBar;
		};
		8DE92B372DCAFE06002301A7 /* PBXContainerItemProxy */ = {
			isa = PBXContainerItemProxy;
			containerPortal = 8DE92B162DCAFE05002301A7 /* Project object */;
			proxyType = 1;
			remoteGlobalIDString = 8DE92B1D2DCAFE05002301A7;
			remoteInfo = GitBar;
		};
/* End PBXContainerItemProxy section */

/* Begin PBXFileReference section */
		8DE92B1E2DCAFE05002301A7 /* GitBar.app */ = {isa = PBXFileReference; explicitFileType = wrapper.application; includeInIndex = 0; path = GitBar.app; sourceTree = BUILT_PRODUCTS_DIR; };
		8DE92B2C2DCAFE06002301A7 /* GitBarTests.xctest */ = {isa = PBXFileReference; explicitFileType = wrapper.cfbundle; includeInIndex = 0; path = GitBarTests.xctest; sourceTree = BUILT_PRODUCTS_DIR; };
		8DE92B362DCAFE06002301A7 /* GitBarUITests.xctest */ = {isa = PBXFileReference; explicitFileType = wrapper.cfbundle; includeInIndex = 0; path = GitBarUITests.xctest; sourceTree = BUILT_PRODUCTS_DIR; };
/* End PBXFileReference section */

/* Begin PBXFileSystemSynchronizedRootGroup section */
		8DE92B202DCAFE05002301A7 /* GitBar */ = {
			isa = PBXFileSystemSynchronizedRootGroup;
			path = GitBar;
			sourceTree = "<group>";
		};
		8DE92B2F2DCAFE06002301A7 /* GitBarTests */ = {
			isa = PBXFileSystemSynchronizedRootGroup;
			path = GitBarTests;
			sourceTree = "<group>";
		};
		8DE92B392DCAFE06002301A7 /* GitBarUITests */ = {
			isa = PBXFileSystemSynchronizedRootGroup;
			path = GitBarUITests;
			sourceTree = "<group>";
		};
/* End PBXFileSystemSynchronizedRootGroup section */

/* Begin PBXFrameworksBuildPhase section */
		8DE92B1B2DCAFE05002301A7 /* Frameworks */ = {
			isa = PBXFrameworksBuildPhase;
			buildActionMask = 2147483647;
			files = (
				8D8E1DC02DCB9D6700747837 /* DefaultsMacros in Frameworks */,
				8D8E1DBE2DCB9D6700747837 /* Defaults in Frameworks */,
				8D8E1DB92DCB961000747837 /* Luminare in Frameworks */,
			);
			runOnlyForDeploymentPostprocessing = 0;
		};
		8DE92B292DCAFE06002301A7 /* Frameworks */ = {
			isa = PBXFrameworksBuildPhase;
			buildActionMask = 2147483647;
			files = (
			);
			runOnlyForDeploymentPostprocessing = 0;
		};
		8DE92B332DCAFE06002301A7 /* Frameworks */ = {
			isa = PBXFrameworksBuildPhase;
			buildActionMask = 2147483647;
			files = (
			);
			runOnlyForDeploymentPostprocessing = 0;
		};
/* End PBXFrameworksBuildPhase section */

/* Begin PBXGroup section */
		8DE92B152DCAFE05002301A7 = {
			isa = PBXGroup;
			children = (
				8DE92B202DCAFE05002301A7 /* GitBar */,
				8DE92B2F2DCAFE06002301A7 /* GitBarTests */,
				8DE92B392DCAFE06002301A7 /* GitBarUITests */,
				8DE92B1F2DCAFE05002301A7 /* Products */,
			);
			sourceTree = "<group>";
		};
		8DE92B1F2DCAFE05002301A7 /* Products */ = {
			isa = PBXGroup;
			children = (
				8DE92B1E2DCAFE05002301A7 /* GitBar.app */,
				8DE92B2C2DCAFE06002301A7 /* GitBarTests.xctest */,
				8DE92B362DCAFE06002301A7 /* GitBarUITests.xctest */,
			);
			name = Products;
			sourceTree = "<group>";
		};
/* End PBXGroup section */

/* Begin PBXNativeTarget section */
		8DE92B1D2DCAFE05002301A7 /* GitBar */ = {
			isa = PBXNativeTarget;
			buildConfigurationList = 8DE92B402DCAFE06002301A7 /* Build configuration list for PBXNativeTarget "GitBar" */;
			buildPhases = (
				8DE92B1A2DCAFE05002301A7 /* Sources */,
				8DE92B1B2DCAFE05002301A7 /* Frameworks */,
				8DE92B1C2DCAFE05002301A7 /* Resources */,
			);
			buildRules = (
			);
			dependencies = (
			);
			fileSystemSynchronizedGroups = (
				8DE92B202DCAFE05002301A7 /* GitBar */,
			);
			name = GitBar;
			packageProductDependencies = (
				8D8E1DB82DCB961000747837 /* Luminare */,
				8D8E1DBD2DCB9D6700747837 /* Defaults */,
				8D8E1DBF2DCB9D6700747837 /* DefaultsMacros */,
			);
			productName = GitBar;
			productReference = 8DE92B1E2DCAFE05002301A7 /* GitBar.app */;
			productType = "com.apple.product-type.application";
		};
		8DE92B2B2DCAFE06002301A7 /* GitBarTests */ = {
			isa = PBXNativeTarget;
			buildConfigurationList = 8DE92B432DCAFE06002301A7 /* Build configuration list for PBXNativeTarget "GitBarTests" */;
			buildPhases = (
				8DE92B282DCAFE06002301A7 /* Sources */,
				8DE92B292DCAFE06002301A7 /* Frameworks */,
				8DE92B2A2DCAFE06002301A7 /* Resources */,
			);
			buildRules = (
			);
			dependencies = (
				8DE92B2E2DCAFE06002301A7 /* PBXTargetDependency */,
			);
			fileSystemSynchronizedGroups = (
				8DE92B2F2DCAFE06002301A7 /* GitBarTests */,
			);
			name = GitBarTests;
			packageProductDependencies = (
			);
			productName = GitBarTests;
			productReference = 8DE92B2C2DCAFE06002301A7 /* GitBarTests.xctest */;
			productType = "com.apple.product-type.bundle.unit-test";
		};
		8DE92B352DCAFE06002301A7 /* GitBarUITests */ = {
			isa = PBXNativeTarget;
			buildConfigurationList = 8DE92B462DCAFE06002301A7 /* Build configuration list for PBXNativeTarget "GitBarUITests" */;
			buildPhases = (
				8DE92B322DCAFE06002301A7 /* Sources */,
				8DE92B332DCAFE06002301A7 /* Frameworks */,
				8DE92B342DCAFE06002301A7 /* Resources */,
			);
			buildRules = (
			);
			dependencies = (
				8DE92B382DCAFE06002301A7 /* PBXTargetDependency */,
			);
			fileSystemSynchronizedGroups = (
				8DE92B392DCAFE06002301A7 /* GitBarUITests */,
			);
			name = GitBarUITests;
			packageProductDependencies = (
			);
			productName = GitBarUITests;
			productReference = 8DE92B362DCAFE06002301A7 /* GitBarUITests.xctest */;
			productType = "com.apple.product-type.bundle.ui-testing";
		};
/* End PBXNativeTarget section */

/* Begin PBXProject section */
		8DE92B162DCAFE05002301A7 /* Project object */ = {
			isa = PBXProject;
			attributes = {
				BuildIndependentTargetsInParallel = 1;
				LastSwiftUpdateCheck = 1630;
				LastUpgradeCheck = 1630;
				TargetAttributes = {
					8DE92B1D2DCAFE05002301A7 = {
						CreatedOnToolsVersion = 16.3;
					};
					8DE92B2B2DCAFE06002301A7 = {
						CreatedOnToolsVersion = 16.3;
						TestTargetID = 8DE92B1D2DCAFE05002301A7;
					};
					8DE92B352DCAFE06002301A7 = {
						CreatedOnToolsVersion = 16.3;
						TestTargetID = 8DE92B1D2DCAFE05002301A7;
					};
				};
			};
			buildConfigurationList = 8DE92B192DCAFE05002301A7 /* Build configuration list for PBXProject "GitBar" */;
			developmentRegion = en;
			hasScannedForEncodings = 0;
			knownRegions = (
				en,
				Base,
			);
			mainGroup = 8DE92B152DCAFE05002301A7;
			minimizedProjectReferenceProxies = 1;
			packageReferences = (
				8D8E1DB72DCB961000747837 /* XCRemoteSwiftPackageReference "Luminare" */,
				8D8E1DBC2DCB9D6700747837 /* XCRemoteSwiftPackageReference "Defaults" */,
			);
			preferredProjectObjectVersion = 77;
			productRefGroup = 8DE92B1F2DCAFE05002301A7 /* Products */;
			projectDirPath = "";
			projectRoot = "";
			targets = (
				8DE92B1D2DCAFE05002301A7 /* GitBar */,
				8DE92B2B2DCAFE06002301A7 /* GitBarTests */,
				8DE92B352DCAFE06002301A7 /* GitBarUITests */,
			);
		};
/* End PBXProject section */

/* Begin PBXResourcesBuildPhase section */
		8DE92B1C2DCAFE05002301A7 /* Resources */ = {
			isa = PBXResourcesBuildPhase;
			buildActionMask = 2147483647;
			files = (
			);
			runOnlyForDeploymentPostprocessing = 0;
		};
		8DE92B2A2DCAFE06002301A7 /* Resources */ = {
			isa = PBXResourcesBuildPhase;
			buildActionMask = 2147483647;
			files = (
			);
			runOnlyForDeploymentPostprocessing = 0;
		};
		8DE92B342DCAFE06002301A7 /* Resources */ = {
			isa = PBXResourcesBuildPhase;
			buildActionMask = 2147483647;
			files = (
			);
			runOnlyForDeploymentPostprocessing = 0;
		};
/* End PBXResourcesBuildPhase section */

/* Begin PBXSourcesBuildPhase section */
		8DE92B1A2DCAFE05002301A7 /* Sources */ = {
			isa = PBXSourcesBuildPhase;
			buildActionMask = 2147483647;
			files = (
			);
			runOnlyForDeploymentPostprocessing = 0;
		};
		8DE92B282DCAFE06002301A7 /* Sources */ = {
			isa = PBXSourcesBuildPhase;
			buildActionMask = 2147483647;
			files = (
			);
			runOnlyForDeploymentPostprocessing = 0;
		};
		8DE92B322DCAFE06002301A7 /* Sources */ = {
			isa = PBXSourcesBuildPhase;
			buildActionMask = 2147483647;
			files = (
			);
			runOnlyForDeploymentPostprocessing = 0;
		};
/* End PBXSourcesBuildPhase section */

/* Begin PBXTargetDependency section */
		8DE92B2E2DCAFE06002301A7 /* PBXTargetDependency */ = {
			isa = PBXTargetDependency;
			target = 8DE92B1D2DCAFE05002301A7 /* GitBar */;
			targetProxy = 8DE92B2D2DCAFE06002301A7 /* PBXContainerItemProxy */;
		};
		8DE92B382DCAFE06002301A7 /* PBXTargetDependency */ = {
			isa = PBXTargetDependency;
			target = 8DE92B1D2DCAFE05002301A7 /* GitBar */;
			targetProxy = 8DE92B372DCAFE06002301A7 /* PBXContainerItemProxy */;
		};
/* End PBXTargetDependency section */

/* Begin XCBuildConfiguration section */
		8DE92B3E2DCAFE06002301A7 /* Debug */ = {
			isa = XCBuildConfiguration;
			buildSettings = {
				ALWAYS_SEARCH_USER_PATHS = NO;
				ASSETCATALOG_COMPILER_GENERATE_SWIFT_ASSET_SYMBOL_EXTENSIONS = YES;
				CLANG_ANALYZER_NONNULL = YES;
				CLANG_ANALYZER_NUMBER_OBJECT_CONVERSION = YES_AGGRESSIVE;
				CLANG_CXX_LANGUAGE_STANDARD = "gnu++20";
				CLANG_ENABLE_MODULES = YES;
				CLANG_ENABLE_OBJC_ARC = YES;
				CLANG_ENABLE_OBJC_WEAK = YES;
				CLANG_WARN_BLOCK_CAPTURE_AUTORELEASING = YES;
				CLANG_WARN_BOOL_CONVERSION = YES;
				CLANG_WARN_COMMA = YES;
				CLANG_WARN_CONSTANT_CONVERSION = YES;
				CLANG_WARN_DEPRECATED_OBJC_IMPLEMENTATIONS = YES;
				CLANG_WARN_DIRECT_OBJC_ISA_USAGE = YES_ERROR;
				CLANG_WARN_DOCUMENTATION_COMMENTS = YES;
				CLANG_WARN_EMPTY_BODY = YES;
				CLANG_WARN_ENUM_CONVERSION = YES;
				CLANG_WARN_INFINITE_RECURSION = YES;
				CLANG_WARN_INT_CONVERSION = YES;
				CLANG_WARN_NON_LITERAL_NULL_CONVERSION = YES;
				CLANG_WARN_OBJC_IMPLICIT_RETAIN_SELF = YES;
				CLANG_WARN_OBJC_LITERAL_CONVERSION = YES;
				CLANG_WARN_OBJC_ROOT_CLASS = YES_ERROR;
				CLANG_WARN_QUOTED_INCLUDE_IN_FRAMEWORK_HEADER = YES;
				CLANG_WARN_RANGE_LOOP_ANALYSIS = YES;
				CLANG_WARN_STRICT_PROTOTYPES = YES;
				CLANG_WARN_SUSPICIOUS_MOVE = YES;
				CLANG_WARN_UNGUARDED_AVAILABILITY = YES_AGGRESSIVE;
				CLANG_WARN_UNREACHABLE_CODE = YES;
				CLANG_WARN__DUPLICATE_METHOD_MATCH = YES;
				COPY_PHASE_STRIP = NO;
				DEBUG_INFORMATION_FORMAT = dwarf;
				DEVELOPMENT_TEAM = 3Z8BWG9G9Y;
				ENABLE_STRICT_OBJC_MSGSEND = YES;
				ENABLE_TESTABILITY = YES;
				ENABLE_USER_SCRIPT_SANDBOXING = YES;
				GCC_C_LANGUAGE_STANDARD = gnu17;
				GCC_DYNAMIC_NO_PIC = NO;
				GCC_NO_COMMON_BLOCKS = YES;
				GCC_OPTIMIZATION_LEVEL = 0;
				GCC_PREPROCESSOR_DEFINITIONS = (
					"DEBUG=1",
					"$(inherited)",
				);
				GCC_WARN_64_TO_32_BIT_CONVERSION = YES;
				GCC_WARN_ABOUT_RETURN_TYPE = YES_ERROR;
				GCC_WARN_UNDECLARED_SELECTOR = YES;
				GCC_WARN_UNINITIALIZED_AUTOS = YES_AGGRESSIVE;
				GCC_WARN_UNUSED_FUNCTION = YES;
				GCC_WARN_UNUSED_VARIABLE = YES;
				LOCALIZATION_PREFERS_STRING_CATALOGS = YES;
				MACOSX_DEPLOYMENT_TARGET = 15.4;
				MTL_ENABLE_DEBUG_INFO = INCLUDE_SOURCE;
				MTL_FAST_MATH = YES;
				ONLY_ACTIVE_ARCH = YES;
				SDKROOT = macosx;
				SWIFT_ACTIVE_COMPILATION_CONDITIONS = "DEBUG $(inherited)";
				SWIFT_OPTIMIZATION_LEVEL = "-Onone";
			};
			name = Debug;
		};
		8DE92B3F2DCAFE06002301A7 /* Release */ = {
			isa = XCBuildConfiguration;
			buildSettings = {
				ALWAYS_SEARCH_USER_PATHS = NO;
				ASSETCATALOG_COMPILER_GENERATE_SWIFT_ASSET_SYMBOL_EXTENSIONS = YES;
				CLANG_ANALYZER_NONNULL = YES;
				CLANG_ANALYZER_NUMBER_OBJECT_CONVERSION = YES_AGGRESSIVE;
				CLANG_CXX_LANGUAGE_STANDARD = "gnu++20";
				CLANG_ENABLE_MODULES = YES;
				CLANG_ENABLE_OBJC_ARC = YES;
				CLANG_ENABLE_OBJC_WEAK = YES;
				CLANG_WARN_BLOCK_CAPTURE_AUTORELEASING = YES;
				CLANG_WARN_BOOL_CONVERSION = YES;
				CLANG_WARN_COMMA = YES;
				CLANG_WARN_CONSTANT_CONVERSION = YES;
				CLANG_WARN_DEPRECATED_OBJC_IMPLEMENTATIONS = YES;
				CLANG_WARN_DIRECT_OBJC_ISA_USAGE = YES_ERROR;
				CLANG_WARN_DOCUMENTATION_COMMENTS = YES;
				CLANG_WARN_EMPTY_BODY = YES;
				CLANG_WARN_ENUM_CONVERSION = YES;
				CLANG_WARN_INFINITE_RECURSION = YES;
				CLANG_WARN_INT_CONVERSION = YES;
				CLANG_WARN_NON_LITERAL_NULL_CONVERSION = YES;
				CLANG_WARN_OBJC_IMPLICIT_RETAIN_SELF = YES;
				CLANG_WARN_OBJC_LITERAL_CONVERSION = YES;
				CLANG_WARN_OBJC_ROOT_CLASS = YES_ERROR;
				CLANG_WARN_QUOTED_INCLUDE_IN_FRAMEWORK_HEADER = YES;
				CLANG_WARN_RANGE_LOOP_ANALYSIS = YES;
				CLANG_WARN_STRICT_PROTOTYPES = YES;
				CLANG_WARN_SUSPICIOUS_MOVE = YES;
				CLANG_WARN_UNGUARDED_AVAILABILITY = YES_AGGRESSIVE;
				CLANG_WARN_UNREACHABLE_CODE = YES;
				CLANG_WARN__DUPLICATE_METHOD_MATCH = YES;
				COPY_PHASE_STRIP = NO;
				DEBUG_INFORMATION_FORMAT = "dwarf-with-dsym";
				DEVELOPMENT_TEAM = 3Z8BWG9G9Y;
				ENABLE_NS_ASSERTIONS = NO;
				ENABLE_STRICT_OBJC_MSGSEND = YES;
				ENABLE_USER_SCRIPT_SANDBOXING = YES;
				GCC_C_LANGUAGE_STANDARD = gnu17;
				GCC_NO_COMMON_BLOCKS = YES;
				GCC_WARN_64_TO_32_BIT_CONVERSION = YES;
				GCC_WARN_ABOUT_RETURN_TYPE = YES_ERROR;
				GCC_WARN_UNDECLARED_SELECTOR = YES;
				GCC_WARN_UNINITIALIZED_AUTOS = YES_AGGRESSIVE;
				GCC_WARN_UNUSED_FUNCTION = YES;
				GCC_WARN_UNUSED_VARIABLE = YES;
				LOCALIZATION_PREFERS_STRING_CATALOGS = YES;
				MACOSX_DEPLOYMENT_TARGET = 15.4;
				MTL_ENABLE_DEBUG_INFO = NO;
				MTL_FAST_MATH = YES;
				SDKROOT = macosx;
				SWIFT_COMPILATION_MODE = wholemodule;
			};
			name = Release;
		};
		8DE92B412DCAFE06002301A7 /* Debug */ = {
			isa = XCBuildConfiguration;
			buildSettings = {
				ASSETCATALOG_COMPILER_APPICON_NAME = AppIcon;
				ASSETCATALOG_COMPILER_GLOBAL_ACCENT_COLOR_NAME = AccentColor;
				CODE_SIGN_ENTITLEMENTS = GitBar/GitBar.entitlements;
				"CODE_SIGN_IDENTITY[sdk=macosx*]" = "Apple Development";
				CODE_SIGN_STYLE = Automatic;
				COMBINE_HIDPI_IMAGES = YES;
				CURRENT_PROJECT_VERSION = 1;
				DEVELOPMENT_TEAM = 3Z8BWG9G9Y;
				ENABLE_HARDENED_RUNTIME = YES;
				ENABLE_PREVIEWS = YES;
				GENERATE_INFOPLIST_FILE = YES;
				INFOPLIST_KEY_NSHumanReadableCopyright = "";
				LD_RUNPATH_SEARCH_PATHS = (
					"$(inherited)",
					"@executable_path/../Frameworks",
				);
				MARKETING_VERSION = 1.0;
				PRODUCT_BUNDLE_IDENTIFIER = com.armaangupta57.GitBar;
				PRODUCT_NAME = "$(TARGET_NAME)";
				REGISTER_APP_GROUPS = YES;
				SWIFT_EMIT_LOC_STRINGS = YES;
				SWIFT_VERSION = 5.0;
			};
			name = Debug;
		};
		8DE92B422DCAFE06002301A7 /* Release */ = {
			isa = XCBuildConfiguration;
			buildSettings = {
				ASSETCATALOG_COMPILER_APPICON_NAME = AppIcon;
				ASSETCATALOG_COMPILER_GLOBAL_ACCENT_COLOR_NAME = AccentColor;
				CODE_SIGN_ENTITLEMENTS = GitBar/GitBar.entitlements;
				"CODE_SIGN_IDENTITY[sdk=macosx*]" = "Apple Development";
				CODE_SIGN_STYLE = Automatic;
				COMBINE_HIDPI_IMAGES = YES;
				CURRENT_PROJECT_VERSION = 1;
				DEVELOPMENT_TEAM = 3Z8BWG9G9Y;
				ENABLE_HARDENED_RUNTIME = YES;
				ENABLE_PREVIEWS = YES;
				GENERATE_INFOPLIST_FILE = YES;
				INFOPLIST_KEY_NSHumanReadableCopyright = "";
				LD_RUNPATH_SEARCH_PATHS = (
					"$(inherited)",
					"@executable_path/../Frameworks",
				);
				MARKETING_VERSION = 1.0;
				PRODUCT_BUNDLE_IDENTIFIER = com.armaangupta57.GitBar;
				PRODUCT_NAME = "$(TARGET_NAME)";
				REGISTER_APP_GROUPS = YES;
				SWIFT_EMIT_LOC_STRINGS = YES;
				SWIFT_VERSION = 5.0;
			};
			name = Release;
		};
		8DE92B442DCAFE06002301A7 /* Debug */ = {
			isa = XCBuildConfiguration;
			buildSettings = {
				BUNDLE_LOADER = "$(TEST_HOST)";
				CODE_SIGN_STYLE = Automatic;
				CURRENT_PROJECT_VERSION = 1;
				DEVELOPMENT_TEAM = 3Z8BWG9G9Y;
				GENERATE_INFOPLIST_FILE = YES;
				MACOSX_DEPLOYMENT_TARGET = 15.4;
				MARKETING_VERSION = 1.0;
				PRODUCT_BUNDLE_IDENTIFIER = com.armaangupta57.GitBarTests;
				PRODUCT_NAME = "$(TARGET_NAME)";
				SWIFT_EMIT_LOC_STRINGS = NO;
				SWIFT_VERSION = 5.0;
				TEST_HOST = "$(BUILT_PRODUCTS_DIR)/GitBar.app/$(BUNDLE_EXECUTABLE_FOLDER_PATH)/GitBar";
			};
			name = Debug;
		};
		8DE92B452DCAFE06002301A7 /* Release */ = {
			isa = XCBuildConfiguration;
			buildSettings = {
				BUNDLE_LOADER = "$(TEST_HOST)";
				CODE_SIGN_STYLE = Automatic;
				CURRENT_PROJECT_VERSION = 1;
				DEVELOPMENT_TEAM = 3Z8BWG9G9Y;
				GENERATE_INFOPLIST_FILE = YES;
				MACOSX_DEPLOYMENT_TARGET = 15.4;
				MARKETING_VERSION = 1.0;
				PRODUCT_BUNDLE_IDENTIFIER = com.armaangupta57.GitBarTests;
				PRODUCT_NAME = "$(TARGET_NAME)";
				SWIFT_EMIT_LOC_STRINGS = NO;
				SWIFT_VERSION = 5.0;
				TEST_HOST = "$(BUILT_PRODUCTS_DIR)/GitBar.app/$(BUNDLE_EXECUTABLE_FOLDER_PATH)/GitBar";
			};
			name = Release;
		};
		8DE92B472DCAFE06002301A7 /* Debug */ = {
			isa = XCBuildConfiguration;
			buildSettings = {
				CODE_SIGN_STYLE = Automatic;
				CURRENT_PROJECT_VERSION = 1;
				DEVELOPMENT_TEAM = 3Z8BWG9G9Y;
				GENERATE_INFOPLIST_FILE = YES;
				MARKETING_VERSION = 1.0;
				PRODUCT_BUNDLE_IDENTIFIER = com.armaangupta57.GitBarUITests;
				PRODUCT_NAME = "$(TARGET_NAME)";
				SWIFT_EMIT_LOC_STRINGS = NO;
				SWIFT_VERSION = 5.0;
				TEST_TARGET_NAME = GitBar;
			};
			name = Debug;
		};
		8DE92B482DCAFE06002301A7 /* Release */ = {
			isa = XCBuildConfiguration;
			buildSettings = {
				CODE_SIGN_STYLE = Automatic;
				CURRENT_PROJECT_VERSION = 1;
				DEVELOPMENT_TEAM = 3Z8BWG9G9Y;
				GENERATE_INFOPLIST_FILE = YES;
				MARKETING_VERSION = 1.0;
				PRODUCT_BUNDLE_IDENTIFIER = com.armaangupta57.GitBarUITests;
				PRODUCT_NAME = "$(TARGET_NAME)";
				SWIFT_EMIT_LOC_STRINGS = NO;
				SWIFT_VERSION = 5.0;
				TEST_TARGET_NAME = GitBar;
			};
			name = Release;
		};
/* End XCBuildConfiguration section */

/* Begin XCConfigurationList section */
		8DE92B192DCAFE05002301A7 /* Build configuration list for PBXProject "GitBar" */ = {
			isa = XCConfigurationList;
			buildConfigurations = (
				8DE92B3E2DCAFE06002301A7 /* Debug */,
				8DE92B3F2DCAFE06002301A7 /* Release */,
			);
			defaultConfigurationIsVisible = 0;
			defaultConfigurationName = Release;
		};
		8DE92B402DCAFE06002301A7 /* Build configuration list for PBXNativeTarget "GitBar" */ = {
			isa = XCConfigurationList;
			buildConfigurations = (
				8DE92B412DCAFE06002301A7 /* Debug */,
				8DE92B422DCAFE06002301A7 /* Release */,
			);
			defaultConfigurationIsVisible = 0;
			defaultConfigurationName = Release;
		};
		8DE92B432DCAFE06002301A7 /* Build configuration list for PBXNativeTarget "GitBarTests" */ = {
			isa = XCConfigurationList;
			buildConfigurations = (
				8DE92B442DCAFE06002301A7 /* Debug */,
				8DE92B452DCAFE06002301A7 /* Release */,
			);
			defaultConfigurationIsVisible = 0;
			defaultConfigurationName = Release;
		};
		8DE92B462DCAFE06002301A7 /* Build configuration list for PBXNativeTarget "GitBarUITests" */ = {
			isa = XCConfigurationList;
			buildConfigurations = (
				8DE92B472DCAFE06002301A7 /* Debug */,
				8DE92B482DCAFE06002301A7 /* Release */,
			);
			defaultConfigurationIsVisible = 0;
			defaultConfigurationName = Release;
		};
/* End XCConfigurationList section */

/* Begin XCRemoteSwiftPackageReference section */
		8D8E1DB72DCB961000747837 /* XCRemoteSwiftPackageReference "Luminare" */ = {
			isa = XCRemoteSwiftPackageReference;
			repositoryURL = "https://github.com/MrKai77/Luminare";
			requirement = {
				branch = main;
				kind = branch;
			};
		};
		8D8E1DBC2DCB9D6700747837 /* XCRemoteSwiftPackageReference "Defaults" */ = {
			isa = XCRemoteSwiftPackageReference;
			repositoryURL = "https://github.com/sindresorhus/Defaults";
			requirement = {
				kind = upToNextMajorVersion;
				minimumVersion = 9.0.3;
			};
		};
/* End XCRemoteSwiftPackageReference section */

/* Begin XCSwiftPackageProductDependency section */
		8D8E1DB82DCB961000747837 /* Luminare */ = {
			isa = XCSwiftPackageProductDependency;
			package = 8D8E1DB72DCB961000747837 /* XCRemoteSwiftPackageReference "Luminare" */;
			productName = Luminare;
		};
		8D8E1DBD2DCB9D6700747837 /* Defaults */ = {
			isa = XCSwiftPackageProductDependency;
			package = 8D8E1DBC2DCB9D6700747837 /* XCRemoteSwiftPackageReference "Defaults" */;
			productName = Defaults;
		};
		8D8E1DBF2DCB9D6700747837 /* DefaultsMacros */ = {
			isa = XCSwiftPackageProductDependency;
			package = 8D8E1DBC2DCB9D6700747837 /* XCRemoteSwiftPackageReference "Defaults" */;
			productName = DefaultsMacros;
		};
/* End XCSwiftPackageProductDependency section */
	};
	rootObject = 8DE92B162DCAFE05002301A7 /* Project object */;
}
